
Microsoft Visual Studio Solution File, Format Version 12.00
# Visual Studio 15
VisualStudioVersion = 15.0.28307.852
MinimumVisualStudioVersion = 10.0.40219.1
Project("{8BC9CEB8-8B4A-11D0-8D11-00A0C91BC942}") = "Operatoren", "Operatoren\Operatoren.vcxproj", "{D2194D5B-7519-4F32-9F9B-6E509E8A6735}"
EndProject
Global
	GlobalSection(SolutionConfigurationPlatforms) = preSolution
		Debug|x64 = Debug|x64
		Debug|x86 = Debug|x86
		Release|x64 = Release|x64
		Release|x86 = Release|x86
	EndGlobalSection
	GlobalSection(ProjectConfigurationPlatforms) = postSolution
		{D2194D5B-7519-4F32-9F9B-6E509E8A6735}.Debug|x64.ActiveCfg = Debug|x64
		{D2194D5B-7519-4F32-9F9B-6E509E8A6735}.Debug|x64.Build.0 = Debug|x64
		{D2194D5B-7519-4F32-9F9B-6E509E8A6735}.Debug|x86.ActiveCfg = Debug|Win32
		{D2194D5B-7519-4F32-9F9B-6E509E8A6735}.Debug|x86.Build.0 = Debug|Win32
		{D2194D5B-7519-4F32-9F9B-6E509E8A6735}.Release|x64.ActiveCfg = Release|x64
		{D2194D5B-7519-4F32-9F9B-6E509E8A6735}.Release|x64.Build.0 = Release|x64
		{D2194D5B-7519-4F32-9F9B-6E509E8A6735}.Release|x86.ActiveCfg = Release|Win32
		{D2194D5B-7519-4F32-9F9B-6E509E8A6735}.Release|x86.Build.0 = Release|Win32
	EndGlobalSection
	GlobalSection(SolutionProperties) = preSolution
		HideSolutionNode = FALSE
	EndGlobalSection
	GlobalSection(ExtensibilityGlobals) = postSolution
		SolutionGuid = {CC0997F2-A3A7-48F3-9A13-782DDB037570}
	EndGlobalSection
EndGlobal
