
Microsoft Visual Studio Solution File, Format Version 12.00
# Visual Studio 15
VisualStudioVersion = 15.0.28307.168
MinimumVisualStudioVersion = 10.0.40219.1
Project("{8BC9CEB8-8B4A-11D0-8D11-00A0C91BC942}") = "übung 1 bruchrechnen", "übung 1 bruchrechnen\übung 1 bruchrechnen.vcxproj", "{059403BE-4927-435E-A3C4-571C4C3B4D3F}"
EndProject
Global
	GlobalSection(SolutionConfigurationPlatforms) = preSolution
		Debug|x64 = Debug|x64
		Debug|x86 = Debug|x86
		Release|x64 = Release|x64
		Release|x86 = Release|x86
	EndGlobalSection
	GlobalSection(ProjectConfigurationPlatforms) = postSolution
		{059403BE-4927-435E-A3C4-571C4C3B4D3F}.Debug|x64.ActiveCfg = Debug|x64
		{059403BE-4927-435E-A3C4-571C4C3B4D3F}.Debug|x64.Build.0 = Debug|x64
		{059403BE-4927-435E-A3C4-571C4C3B4D3F}.Debug|x86.ActiveCfg = Debug|Win32
		{059403BE-4927-435E-A3C4-571C4C3B4D3F}.Debug|x86.Build.0 = Debug|Win32
		{059403BE-4927-435E-A3C4-571C4C3B4D3F}.Release|x64.ActiveCfg = Release|x64
		{059403BE-4927-435E-A3C4-571C4C3B4D3F}.Release|x64.Build.0 = Release|x64
		{059403BE-4927-435E-A3C4-571C4C3B4D3F}.Release|x86.ActiveCfg = Release|Win32
		{059403BE-4927-435E-A3C4-571C4C3B4D3F}.Release|x86.Build.0 = Release|Win32
	EndGlobalSection
	GlobalSection(SolutionProperties) = preSolution
		HideSolutionNode = FALSE
	EndGlobalSection
	GlobalSection(ExtensibilityGlobals) = postSolution
		SolutionGuid = {D9B7515A-F3C6-46A4-B9FF-EDE5756C1DB6}
	EndGlobalSection
EndGlobal
