
Microsoft Visual Studio Solution File, Format Version 12.00
# Visual Studio 15
VisualStudioVersion = 15.0.28307.168
MinimumVisualStudioVersion = 10.0.40219.1
Project("{8BC9CEB8-8B4A-11D0-8D11-00A0C91BC942}") = "Fakultät", "Fakultät\Fakultät.vcxproj", "{A9FEF058-077B-48F5-83C0-45AAA2445CC7}"
EndProject
Global
	GlobalSection(SolutionConfigurationPlatforms) = preSolution
		Debug|x64 = Debug|x64
		Debug|x86 = Debug|x86
		Release|x64 = Release|x64
		Release|x86 = Release|x86
	EndGlobalSection
	GlobalSection(ProjectConfigurationPlatforms) = postSolution
		{A9FEF058-077B-48F5-83C0-45AAA2445CC7}.Debug|x64.ActiveCfg = Debug|x64
		{A9FEF058-077B-48F5-83C0-45AAA2445CC7}.Debug|x64.Build.0 = Debug|x64
		{A9FEF058-077B-48F5-83C0-45AAA2445CC7}.Debug|x86.ActiveCfg = Debug|Win32
		{A9FEF058-077B-48F5-83C0-45AAA2445CC7}.Debug|x86.Build.0 = Debug|Win32
		{A9FEF058-077B-48F5-83C0-45AAA2445CC7}.Release|x64.ActiveCfg = Release|x64
		{A9FEF058-077B-48F5-83C0-45AAA2445CC7}.Release|x64.Build.0 = Release|x64
		{A9FEF058-077B-48F5-83C0-45AAA2445CC7}.Release|x86.ActiveCfg = Release|Win32
		{A9FEF058-077B-48F5-83C0-45AAA2445CC7}.Release|x86.Build.0 = Release|Win32
	EndGlobalSection
	GlobalSection(SolutionProperties) = preSolution
		HideSolutionNode = FALSE
	EndGlobalSection
	GlobalSection(ExtensibilityGlobals) = postSolution
		SolutionGuid = {73AC0CED-FD6A-46F7-8BB2-228FB2607B3D}
	EndGlobalSection
EndGlobal
